
Microsoft Visual Studio Solution File, Format Version 12.00
# Visual Studio Version 17
VisualStudioVersion = 17.4.33122.133
MinimumVisualStudioVersion = 10.0.40219.1
Project("{FAE04EC0-301F-11D3-BF4B-00C04F79EFBC}") = "WeatherAPI", "WeatherAPI\WeatherAPI.csproj", "{D1659476-3807-4789-AB66-79AD5F509023}"
EndProject
Global
	GlobalSection(SolutionConfigurationPlatforms) = preSolution
		Debug|Any CPU = Debug|Any CPU
		Release|Any CPU = Release|Any CPU
	EndGlobalSection
	GlobalSection(ProjectConfigurationPlatforms) = postSolution
		{D1659476-3807-4789-AB66-79AD5F509023}.Debug|Any CPU.ActiveCfg = Debug|Any CPU
		{D1659476-3807-4789-AB66-79AD5F509023}.Debug|Any CPU.Build.0 = Debug|Any CPU
		{D1659476-3807-4789-AB66-79AD5F509023}.Release|Any CPU.ActiveCfg = Release|Any CPU
		{D1659476-3807-4789-AB66-79AD5F509023}.Release|Any CPU.Build.0 = Release|Any CPU
	EndGlobalSection
	GlobalSection(SolutionProperties) = preSolution
		HideSolutionNode = FALSE
	EndGlobalSection
	GlobalSection(ExtensibilityGlobals) = postSolution
		SolutionGuid = {1342717C-3AA2-4A89-8279-6B0205B12B46}
	EndGlobalSection
EndGlobal
